
Microsoft Visual Studio Solution File, Format Version 12.00
# Visual Studio Version 16
VisualStudioVersion = 16.0.31729.503
MinimumVisualStudioVersion = 10.0.40219.1
Project("{FAE04EC0-301F-11D3-BF4B-00C04F79EFBC}") = "MinhaDemoMVC", "MinhaDemoMVC\MinhaDemoMVC.csproj", "{C2B3358F-EFAA-4A0F-9507-A54CFD8A945D}"
EndProject
Global
	GlobalSection(SolutionConfigurationPlatforms) = preSolution
		Debug|Any CPU = Debug|Any CPU
		Release|Any CPU = Release|Any CPU
	EndGlobalSection
	GlobalSection(ProjectConfigurationPlatforms) = postSolution
		{C2B3358F-EFAA-4A0F-9507-A54CFD8A945D}.Debug|Any CPU.ActiveCfg = Debug|Any CPU
		{C2B3358F-EFAA-4A0F-9507-A54CFD8A945D}.Debug|Any CPU.Build.0 = Debug|Any CPU
		{C2B3358F-EFAA-4A0F-9507-A54CFD8A945D}.Release|Any CPU.ActiveCfg = Release|Any CPU
		{C2B3358F-EFAA-4A0F-9507-A54CFD8A945D}.Release|Any CPU.Build.0 = Release|Any CPU
	EndGlobalSection
	GlobalSection(SolutionProperties) = preSolution
		HideSolutionNode = FALSE
	EndGlobalSection
	GlobalSection(ExtensibilityGlobals) = postSolution
		SolutionGuid = {2587448F-6BDD-4E0D-9611-9C06B1DC471B}
	EndGlobalSection
EndGlobal
