
Microsoft Visual Studio Solution File, Format Version 12.00
# Visual Studio Version 16
VisualStudioVersion = 16.0.31729.503
MinimumVisualStudioVersion = 10.0.40219.1
Project("{FAE04EC0-301F-11D3-BF4B-00C04F79EFBC}") = "MinhaDemoMvc6", "MinhaDemoMvc6\MinhaDemoMvc6.csproj", "{E2538BB0-6056-41FE-B0C6-6C9144533FA5}"
EndProject
Global
	GlobalSection(SolutionConfigurationPlatforms) = preSolution
		Debug|Any CPU = Debug|Any CPU
		Release|Any CPU = Release|Any CPU
	EndGlobalSection
	GlobalSection(ProjectConfigurationPlatforms) = postSolution
		{E2538BB0-6056-41FE-B0C6-6C9144533FA5}.Debug|Any CPU.ActiveCfg = Debug|Any CPU
		{E2538BB0-6056-41FE-B0C6-6C9144533FA5}.Debug|Any CPU.Build.0 = Debug|Any CPU
		{E2538BB0-6056-41FE-B0C6-6C9144533FA5}.Release|Any CPU.ActiveCfg = Release|Any CPU
		{E2538BB0-6056-41FE-B0C6-6C9144533FA5}.Release|Any CPU.Build.0 = Release|Any CPU
	EndGlobalSection
	GlobalSection(SolutionProperties) = preSolution
		HideSolutionNode = FALSE
	EndGlobalSection
	GlobalSection(ExtensibilityGlobals) = postSolution
		SolutionGuid = {5D15B52F-63C2-4106-9314-DC9E583E473E}
	EndGlobalSection
EndGlobal
