
Microsoft Visual Studio Solution File, Format Version 12.00
# Visual Studio Version 16
VisualStudioVersion = 16.0.31729.503
MinimumVisualStudioVersion = 10.0.40219.1
Project("{FAE04EC0-301F-11D3-BF4B-00C04F79EFBC}") = "MinhaDemoMvc2", "MinhaDemoMvc2\MinhaDemoMvc2.csproj", "{BE43EA79-CBAD-4967-B3D2-743E14929160}"
EndProject
Global
	GlobalSection(SolutionConfigurationPlatforms) = preSolution
		Debug|Any CPU = Debug|Any CPU
		Release|Any CPU = Release|Any CPU
	EndGlobalSection
	GlobalSection(ProjectConfigurationPlatforms) = postSolution
		{BE43EA79-CBAD-4967-B3D2-743E14929160}.Debug|Any CPU.ActiveCfg = Debug|Any CPU
		{BE43EA79-CBAD-4967-B3D2-743E14929160}.Debug|Any CPU.Build.0 = Debug|Any CPU
		{BE43EA79-CBAD-4967-B3D2-743E14929160}.Release|Any CPU.ActiveCfg = Release|Any CPU
		{BE43EA79-CBAD-4967-B3D2-743E14929160}.Release|Any CPU.Build.0 = Release|Any CPU
	EndGlobalSection
	GlobalSection(SolutionProperties) = preSolution
		HideSolutionNode = FALSE
	EndGlobalSection
	GlobalSection(ExtensibilityGlobals) = postSolution
		SolutionGuid = {2AF7BB78-C310-40F9-BB10-CE051D384C96}
	EndGlobalSection
EndGlobal
